// !$*UTF8*$!
{
	archiveVersion = 1;
	classes = {
	};
	objectVersion = 51;
	objects = {

/* Begin PBXBuildFile section */
		3B15A89C252CA9C60028D70C /* Util.swift in Sources */ = {isa = PBXBuildFile; fileRef = 3B15A89B252CA9C60028D70C /* Util.swift */; };
		3B15A8C5252DB3810028D70C /* StatsViewController.swift in Sources */ = {isa = PBXBuildFile; fileRef = 3B15A8C4252DB3810028D70C /* StatsViewController.swift */; };
		3B15A8CA252DB4960028D70C /* MorningInput.swift in Sources */ = {isa = PBXBuildFile; fileRef = 3B15A8C9252DB4960028D70C /* MorningInput.swift */; };
		3B15A8D0252DBBE80028D70C /* EveningInput.swift in Sources */ = {isa = PBXBuildFile; fileRef = 3B15A8CF252DBBE80028D70C /* EveningInput.swift */; };
		3B15A901252DD9920028D70C /* StatsTableViewController.swift in Sources */ = {isa = PBXBuildFile; fileRef = 3B15A900252DD9920028D70C /* StatsTableViewController.swift */; };
		3B15A906252DDC630028D70C /* InputDataSource.swift in Sources */ = {isa = PBXBuildFile; fileRef = 3B15A905252DDC630028D70C /* InputDataSource.swift */; };
		3B15A90F252DE59C0028D70C /* StatsTableViewCell.swift in Sources */ = {isa = PBXBuildFile; fileRef = 3B15A90D252DE59C0028D70C /* StatsTableViewCell.swift */; };
		3B15A933252DEF790028D70C /* SimpleChartViewController.swift in Sources */ = {isa = PBXBuildFile; fileRef = 3B15A932252DEF790028D70C /* SimpleChartViewController.swift */; };
		3B15A93B252DF03F0028D70C /* StatsCellProtocol.swift in Sources */ = {isa = PBXBuildFile; fileRef = 3B15A93A252DF03F0028D70C /* StatsCellProtocol.swift */; };
		3B15A95A252F7A710028D70C /* LoginViewController.swift in Sources */ = {isa = PBXBuildFile; fileRef = 3B15A959252F7A710028D70C /* LoginViewController.swift */; };
		3B15A960253087CE0028D70C /* RequestIntreceptor.swift in Sources */ = {isa = PBXBuildFile; fileRef = 3B15A95F253087CE0028D70C /* RequestIntreceptor.swift */; };
		3B15A98F253420DE0028D70C /* LaunchScreenViewController.swift in Sources */ = {isa = PBXBuildFile; fileRef = 3B15A98E253420DE0028D70C /* LaunchScreenViewController.swift */; };
		3B15A9942534245C0028D70C /* APIError.swift in Sources */ = {isa = PBXBuildFile; fileRef = 3B15A9932534245C0028D70C /* APIError.swift */; };
		3B15A9E72534880E0028D70C /* SettingsTableViewController.swift in Sources */ = {isa = PBXBuildFile; fileRef = 3B15A9E62534880E0028D70C /* SettingsTableViewController.swift */; };
		3B15A9FA2535EFE80028D70C /* User.swift in Sources */ = {isa = PBXBuildFile; fileRef = 3B15A9F92535EFE80028D70C /* User.swift */; };
		3B15AA002535F2B60028D70C /* UserDataSource.swift in Sources */ = {isa = PBXBuildFile; fileRef = 3B15A9FF2535F2B60028D70C /* UserDataSource.swift */; };
		3B8F2207252B4E5500A423B7 /* AppDelegate.swift in Sources */ = {isa = PBXBuildFile; fileRef = 3B8F2206252B4E5500A423B7 /* AppDelegate.swift */; };
		3B8F2209252B4E5500A423B7 /* SceneDelegate.swift in Sources */ = {isa = PBXBuildFile; fileRef = 3B8F2208252B4E5500A423B7 /* SceneDelegate.swift */; };
		3B8F220B252B4E5500A423B7 /* StartViewController.swift in Sources */ = {isa = PBXBuildFile; fileRef = 3B8F220A252B4E5500A423B7 /* StartViewController.swift */; };
		3B8F220E252B4E5500A423B7 /* Main.storyboard in Resources */ = {isa = PBXBuildFile; fileRef = 3B8F220C252B4E5500A423B7 /* Main.storyboard */; };
		3B8F2210252B4E5600A423B7 /* Assets.xcassets in Resources */ = {isa = PBXBuildFile; fileRef = 3B8F220F252B4E5600A423B7 /* Assets.xcassets */; };
		3B8F221E252B4E5600A423B7 /* medicalDiaryTests.swift in Sources */ = {isa = PBXBuildFile; fileRef = 3B8F221D252B4E5600A423B7 /* medicalDiaryTests.swift */; };
		3B8F2229252B4E5600A423B7 /* medicalDiaryUITests.swift in Sources */ = {isa = PBXBuildFile; fileRef = 3B8F2228252B4E5600A423B7 /* medicalDiaryUITests.swift */; };
		3B8F223A252B4EEC00A423B7 /* Api.swift in Sources */ = {isa = PBXBuildFile; fileRef = 3B8F2239252B4EEC00A423B7 /* Api.swift */; };
		3B8F2241252B4EF400A423B7 /* QuestionsViewController.swift in Sources */ = {isa = PBXBuildFile; fileRef = 3B8F223E252B4EF400A423B7 /* QuestionsViewController.swift */; };
		3B8F2242252B4EF400A423B7 /* Question.swift in Sources */ = {isa = PBXBuildFile; fileRef = 3B8F223F252B4EF400A423B7 /* Question.swift */; };
		3B8F2243252B4EF400A423B7 /* Constants.swift in Sources */ = {isa = PBXBuildFile; fileRef = 3B8F2240252B4EF400A423B7 /* Constants.swift */; };
		9CD9AF3DEA146AEAE133388C /* Pods_medicalDiary.framework in Frameworks */ = {isa = PBXBuildFile; fileRef = BFD16C707FE44548D2C1E25E /* Pods_medicalDiary.framework */; };
/* End PBXBuildFile section */

/* Begin PBXContainerItemProxy section */
		3B8F221A252B4E5600A423B7 /* PBXContainerItemProxy */ = {
			isa = PBXContainerItemProxy;
			containerPortal = 3B8F21FB252B4E5500A423B7 /* Project object */;
			proxyType = 1;
			remoteGlobalIDString = 3B8F2202252B4E5500A423B7;
			remoteInfo = medicalDiary;
		};
		3B8F2225252B4E5600A423B7 /* PBXContainerItemProxy */ = {
			isa = PBXContainerItemProxy;
			containerPortal = 3B8F21FB252B4E5500A423B7 /* Project object */;
			proxyType = 1;
			remoteGlobalIDString = 3B8F2202252B4E5500A423B7;
			remoteInfo = medicalDiary;
		};
/* End PBXContainerItemProxy section */

/* Begin PBXFileReference section */
		3B15A89B252CA9C60028D70C /* Util.swift */ = {isa = PBXFileReference; lastKnownFileType = sourcecode.swift; path = Util.swift; sourceTree = "<group>"; };
		3B15A8C4252DB3810028D70C /* StatsViewController.swift */ = {isa = PBXFileReference; lastKnownFileType = sourcecode.swift; path = StatsViewController.swift; sourceTree = "<group>"; };
		3B15A8C9252DB4960028D70C /* MorningInput.swift */ = {isa = PBXFileReference; lastKnownFileType = sourcecode.swift; path = MorningInput.swift; sourceTree = "<group>"; };
		3B15A8CF252DBBE80028D70C /* EveningInput.swift */ = {isa = PBXFileReference; lastKnownFileType = sourcecode.swift; path = EveningInput.swift; sourceTree = "<group>"; };
		3B15A900252DD9920028D70C /* StatsTableViewController.swift */ = {isa = PBXFileReference; lastKnownFileType = sourcecode.swift; path = StatsTableViewController.swift; sourceTree = "<group>"; };
		3B15A905252DDC630028D70C /* InputDataSource.swift */ = {isa = PBXFileReference; lastKnownFileType = sourcecode.swift; path = InputDataSource.swift; sourceTree = "<group>"; };
		3B15A90D252DE59C0028D70C /* StatsTableViewCell.swift */ = {isa = PBXFileReference; lastKnownFileType = sourcecode.swift; path = StatsTableViewCell.swift; sourceTree = "<group>"; };
		3B15A932252DEF790028D70C /* SimpleChartViewController.swift */ = {isa = PBXFileReference; lastKnownFileType = sourcecode.swift; path = SimpleChartViewController.swift; sourceTree = "<group>"; };
		3B15A93A252DF03F0028D70C /* StatsCellProtocol.swift */ = {isa = PBXFileReference; lastKnownFileType = sourcecode.swift; path = StatsCellProtocol.swift; sourceTree = "<group>"; };
		3B15A955252F78E70028D70C /* medicalDiary.entitlements */ = {isa = PBXFileReference; lastKnownFileType = text.plist.entitlements; path = medicalDiary.entitlements; sourceTree = "<group>"; };
		3B15A959252F7A710028D70C /* LoginViewController.swift */ = {isa = PBXFileReference; lastKnownFileType = sourcecode.swift; path = LoginViewController.swift; sourceTree = "<group>"; };
		3B15A95F253087CE0028D70C /* RequestIntreceptor.swift */ = {isa = PBXFileReference; lastKnownFileType = sourcecode.swift; path = RequestIntreceptor.swift; sourceTree = "<group>"; };
		3B15A98E253420DE0028D70C /* LaunchScreenViewController.swift */ = {isa = PBXFileReference; lastKnownFileType = sourcecode.swift; path = LaunchScreenViewController.swift; sourceTree = "<group>"; };
		3B15A9932534245C0028D70C /* APIError.swift */ = {isa = PBXFileReference; lastKnownFileType = sourcecode.swift; path = APIError.swift; sourceTree = "<group>"; };
		3B15A9E62534880E0028D70C /* SettingsTableViewController.swift */ = {isa = PBXFileReference; lastKnownFileType = sourcecode.swift; path = SettingsTableViewController.swift; sourceTree = "<group>"; };
		3B15A9F92535EFE80028D70C /* User.swift */ = {isa = PBXFileReference; lastKnownFileType = sourcecode.swift; path = User.swift; sourceTree = "<group>"; };
		3B15A9FF2535F2B60028D70C /* UserDataSource.swift */ = {isa = PBXFileReference; lastKnownFileType = sourcecode.swift; path = UserDataSource.swift; sourceTree = "<group>"; };
		3B8F2203252B4E5500A423B7 /* medicalDiary.app */ = {isa = PBXFileReference; explicitFileType = wrapper.application; includeInIndex = 0; path = medicalDiary.app; sourceTree = BUILT_PRODUCTS_DIR; };
		3B8F2206252B4E5500A423B7 /* AppDelegate.swift */ = {isa = PBXFileReference; lastKnownFileType = sourcecode.swift; path = AppDelegate.swift; sourceTree = "<group>"; };
		3B8F2208252B4E5500A423B7 /* SceneDelegate.swift */ = {isa = PBXFileReference; lastKnownFileType = sourcecode.swift; path = SceneDelegate.swift; sourceTree = "<group>"; };
		3B8F220A252B4E5500A423B7 /* StartViewController.swift */ = {isa = PBXFileReference; lastKnownFileType = sourcecode.swift; path = StartViewController.swift; sourceTree = "<group>"; };
		3B8F220D252B4E5500A423B7 /* Base */ = {isa = PBXFileReference; lastKnownFileType = file.storyboard; name = Base; path = Base.lproj/Main.storyboard; sourceTree = "<group>"; };
		3B8F220F252B4E5600A423B7 /* Assets.xcassets */ = {isa = PBXFileReference; lastKnownFileType = folder.assetcatalog; path = Assets.xcassets; sourceTree = "<group>"; };
		3B8F2214252B4E5600A423B7 /* Info.plist */ = {isa = PBXFileReference; lastKnownFileType = text.plist.xml; path = Info.plist; sourceTree = "<group>"; };
		3B8F2219252B4E5600A423B7 /* medicalDiaryTests.xctest */ = {isa = PBXFileReference; explicitFileType = wrapper.cfbundle; includeInIndex = 0; path = medicalDiaryTests.xctest; sourceTree = BUILT_PRODUCTS_DIR; };
		3B8F221D252B4E5600A423B7 /* medicalDiaryTests.swift */ = {isa = PBXFileReference; lastKnownFileType = sourcecode.swift; path = medicalDiaryTests.swift; sourceTree = "<group>"; };
		3B8F221F252B4E5600A423B7 /* Info.plist */ = {isa = PBXFileReference; lastKnownFileType = text.plist.xml; path = Info.plist; sourceTree = "<group>"; };
		3B8F2224252B4E5600A423B7 /* medicalDiaryUITests.xctest */ = {isa = PBXFileReference; explicitFileType = wrapper.cfbundle; includeInIndex = 0; path = medicalDiaryUITests.xctest; sourceTree = BUILT_PRODUCTS_DIR; };
		3B8F2228252B4E5600A423B7 /* medicalDiaryUITests.swift */ = {isa = PBXFileReference; lastKnownFileType = sourcecode.swift; path = medicalDiaryUITests.swift; sourceTree = "<group>"; };
		3B8F222A252B4E5600A423B7 /* Info.plist */ = {isa = PBXFileReference; lastKnownFileType = text.plist.xml; path = Info.plist; sourceTree = "<group>"; };
		3B8F2239252B4EEC00A423B7 /* Api.swift */ = {isa = PBXFileReference; fileEncoding = 4; lastKnownFileType = sourcecode.swift; path = Api.swift; sourceTree = "<group>"; };
		3B8F223E252B4EF400A423B7 /* QuestionsViewController.swift */ = {isa = PBXFileReference; fileEncoding = 4; lastKnownFileType = sourcecode.swift; path = QuestionsViewController.swift; sourceTree = "<group>"; };
		3B8F223F252B4EF400A423B7 /* Question.swift */ = {isa = PBXFileReference; fileEncoding = 4; lastKnownFileType = sourcecode.swift; path = Question.swift; sourceTree = "<group>"; };
		3B8F2240252B4EF400A423B7 /* Constants.swift */ = {isa = PBXFileReference; fileEncoding = 4; lastKnownFileType = sourcecode.swift; path = Constants.swift; sourceTree = "<group>"; };
		8BADB92A0FE8D9E992CF858B /* Pods-medicalDiary.debug.xcconfig */ = {isa = PBXFileReference; includeInIndex = 1; lastKnownFileType = text.xcconfig; name = "Pods-medicalDiary.debug.xcconfig"; path = "Target Support Files/Pods-medicalDiary/Pods-medicalDiary.debug.xcconfig"; sourceTree = "<group>"; };
		A97924B95F8C6278B1AFA9EA /* Pods-medicalDiary.release.xcconfig */ = {isa = PBXFileReference; includeInIndex = 1; lastKnownFileType = text.xcconfig; name = "Pods-medicalDiary.release.xcconfig"; path = "Target Support Files/Pods-medicalDiary/Pods-medicalDiary.release.xcconfig"; sourceTree = "<group>"; };
		BFD16C707FE44548D2C1E25E /* Pods_medicalDiary.framework */ = {isa = PBXFileReference; explicitFileType = wrapper.framework; includeInIndex = 0; path = Pods_medicalDiary.framework; sourceTree = BUILT_PRODUCTS_DIR; };
/* End PBXFileReference section */

/* Begin PBXFrameworksBuildPhase section */
		3B8F2200252B4E5500A423B7 /* Frameworks */ = {
			isa = PBXFrameworksBuildPhase;
			buildActionMask = 2147483647;
			files = (
				9CD9AF3DEA146AEAE133388C /* Pods_medicalDiary.framework in Frameworks */,
			);
			runOnlyForDeploymentPostprocessing = 0;
		};
		3B8F2216252B4E5600A423B7 /* Frameworks */ = {
			isa = PBXFrameworksBuildPhase;
			buildActionMask = 2147483647;
			files = (
			);
			runOnlyForDeploymentPostprocessing = 0;
		};
		3B8F2221252B4E5600A423B7 /* Frameworks */ = {
			isa = PBXFrameworksBuildPhase;
			buildActionMask = 2147483647;
			files = (
			);
			runOnlyForDeploymentPostprocessing = 0;
		};
/* End PBXFrameworksBuildPhase section */

/* Begin PBXGroup section */
		1CF97857F0EF739C456763F1 /* Pods */ = {
			isa = PBXGroup;
			children = (
				8BADB92A0FE8D9E992CF858B /* Pods-medicalDiary.debug.xcconfig */,
				A97924B95F8C6278B1AFA9EA /* Pods-medicalDiary.release.xcconfig */,
			);
			path = Pods;
			sourceTree = "<group>";
		};
		37EAB9BBA2A3CCAC711C41A1 /* Frameworks */ = {
			isa = PBXGroup;
			children = (
				BFD16C707FE44548D2C1E25E /* Pods_medicalDiary.framework */,
			);
			name = Frameworks;
			sourceTree = "<group>";
		};
		3B15A8CE252DBBD20028D70C /* models */ = {
			isa = PBXGroup;
			children = (
				3B8F223F252B4EF400A423B7 /* Question.swift */,
				3B15A8C9252DB4960028D70C /* MorningInput.swift */,
				3B15A8CF252DBBE80028D70C /* EveningInput.swift */,
				3B15A9F92535EFE80028D70C /* User.swift */,
			);
			path = models;
			sourceTree = "<group>";
		};
		3B15A95E253087BC0028D70C /* Api */ = {
			isa = PBXGroup;
			children = (
				3B15A9932534245C0028D70C /* APIError.swift */,
				3B8F2239252B4EEC00A423B7 /* Api.swift */,
				3B15A95F253087CE0028D70C /* RequestIntreceptor.swift */,
			);
			path = Api;
			sourceTree = "<group>";
		};
		3B15A984253090FB0028D70C /* Storyboards */ = {
			isa = PBXGroup;
			children = (
				3B8F220C252B4E5500A423B7 /* Main.storyboard */,
			);
			path = Storyboards;
			sourceTree = "<group>";
		};
		3B15A9FE2535F2910028D70C /* Data Source */ = {
			isa = PBXGroup;
			children = (
				3B15A905252DDC630028D70C /* InputDataSource.swift */,
				3B15A9FF2535F2B60028D70C /* UserDataSource.swift */,
			);
			path = "Data Source";
			sourceTree = "<group>";
		};
		3B8F21FA252B4E5500A423B7 = {
			isa = PBXGroup;
			children = (
				3B8F2205252B4E5500A423B7 /* medicalDiary */,
				3B8F221C252B4E5600A423B7 /* medicalDiaryTests */,
				3B8F2227252B4E5600A423B7 /* medicalDiaryUITests */,
				3B8F2204252B4E5500A423B7 /* Products */,
				1CF97857F0EF739C456763F1 /* Pods */,
				37EAB9BBA2A3CCAC711C41A1 /* Frameworks */,
			);
			sourceTree = "<group>";
		};
		3B8F2204252B4E5500A423B7 /* Products */ = {
			isa = PBXGroup;
			children = (
				3B8F2203252B4E5500A423B7 /* medicalDiary.app */,
				3B8F2219252B4E5600A423B7 /* medicalDiaryTests.xctest */,
				3B8F2224252B4E5600A423B7 /* medicalDiaryUITests.xctest */,
			);
			name = Products;
			sourceTree = "<group>";
		};
		3B8F2205252B4E5500A423B7 /* medicalDiary */ = {
			isa = PBXGroup;
			children = (
				3B15A984253090FB0028D70C /* Storyboards */,
				3B15A9FE2535F2910028D70C /* Data Source */,
				3B15A95E253087BC0028D70C /* Api */,
				3B15A8CE252DBBD20028D70C /* models */,
				3B8F2240252B4EF400A423B7 /* Constants.swift */,
				3B15A932252DEF790028D70C /* SimpleChartViewController.swift */,
				3B8F223E252B4EF400A423B7 /* QuestionsViewController.swift */,
				3B8F2206252B4E5500A423B7 /* AppDelegate.swift */,
				3B8F2208252B4E5500A423B7 /* SceneDelegate.swift */,
				3B8F220F252B4E5600A423B7 /* Assets.xcassets */,
				3B8F2214252B4E5600A423B7 /* Info.plist */,
				3B15A955252F78E70028D70C /* medicalDiary.entitlements */,
				3B8F220A252B4E5500A423B7 /* StartViewController.swift */,
				3B15A89B252CA9C60028D70C /* Util.swift */,
				3B15A8C4252DB3810028D70C /* StatsViewController.swift */,
				3B15A900252DD9920028D70C /* StatsTableViewController.swift */,
				3B15A90D252DE59C0028D70C /* StatsTableViewCell.swift */,
				3B15A93A252DF03F0028D70C /* StatsCellProtocol.swift */,
				3B15A959252F7A710028D70C /* LoginViewController.swift */,
				3B15A98E253420DE0028D70C /* LaunchScreenViewController.swift */,
				3B15A9E62534880E0028D70C /* SettingsTableViewController.swift */,
			);
			path = medicalDiary;
			sourceTree = "<group>";
		};
		3B8F221C252B4E5600A423B7 /* medicalDiaryTests */ = {
			isa = PBXGroup;
			children = (
				3B8F221D252B4E5600A423B7 /* medicalDiaryTests.swift */,
				3B8F221F252B4E5600A423B7 /* Info.plist */,
			);
			path = medicalDiaryTests;
			sourceTree = "<group>";
		};
		3B8F2227252B4E5600A423B7 /* medicalDiaryUITests */ = {
			isa = PBXGroup;
			children = (
				3B8F2228252B4E5600A423B7 /* medicalDiaryUITests.swift */,
				3B8F222A252B4E5600A423B7 /* Info.plist */,
			);
			path = medicalDiaryUITests;
			sourceTree = "<group>";
		};
/* End PBXGroup section */

/* Begin PBXNativeTarget section */
		3B8F2202252B4E5500A423B7 /* medicalDiary */ = {
			isa = PBXNativeTarget;
			buildConfigurationList = 3B8F222D252B4E5600A423B7 /* Build configuration list for PBXNativeTarget "medicalDiary" */;
			buildPhases = (
				27A4004575ACB301970D9FCA /* [CP] Check Pods Manifest.lock */,
				3B8F21FF252B4E5500A423B7 /* Sources */,
				3B8F2200252B4E5500A423B7 /* Frameworks */,
				3B8F2201252B4E5500A423B7 /* Resources */,
				A368CA2D66AEEA5D672C3299 /* [CP] Embed Pods Frameworks */,
			);
			buildRules = (
			);
			dependencies = (
			);
			name = medicalDiary;
			productName = medicalDiary;
			productReference = 3B8F2203252B4E5500A423B7 /* medicalDiary.app */;
			productType = "com.apple.product-type.application";
		};
		3B8F2218252B4E5600A423B7 /* medicalDiaryTests */ = {
			isa = PBXNativeTarget;
			buildConfigurationList = 3B8F2230252B4E5600A423B7 /* Build configuration list for PBXNativeTarget "medicalDiaryTests" */;
			buildPhases = (
				3B8F2215252B4E5600A423B7 /* Sources */,
				3B8F2216252B4E5600A423B7 /* Frameworks */,
				3B8F2217252B4E5600A423B7 /* Resources */,
			);
			buildRules = (
			);
			dependencies = (
				3B8F221B252B4E5600A423B7 /* PBXTargetDependency */,
			);
			name = medicalDiaryTests;
			productName = medicalDiaryTests;
			productReference = 3B8F2219252B4E5600A423B7 /* medicalDiaryTests.xctest */;
			productType = "com.apple.product-type.bundle.unit-test";
		};
		3B8F2223252B4E5600A423B7 /* medicalDiaryUITests */ = {
			isa = PBXNativeTarget;
			buildConfigurationList = 3B8F2233252B4E5600A423B7 /* Build configuration list for PBXNativeTarget "medicalDiaryUITests" */;
			buildPhases = (
				3B8F2220252B4E5600A423B7 /* Sources */,
				3B8F2221252B4E5600A423B7 /* Frameworks */,
				3B8F2222252B4E5600A423B7 /* Resources */,
			);
			buildRules = (
			);
			dependencies = (
				3B8F2226252B4E5600A423B7 /* PBXTargetDependency */,
			);
			name = medicalDiaryUITests;
			productName = medicalDiaryUITests;
			productReference = 3B8F2224252B4E5600A423B7 /* medicalDiaryUITests.xctest */;
			productType = "com.apple.product-type.bundle.ui-testing";
		};
/* End PBXNativeTarget section */

/* Begin PBXProject section */
		3B8F21FB252B4E5500A423B7 /* Project object */ = {
			isa = PBXProject;
			attributes = {
				LastSwiftUpdateCheck = 1200;
				LastUpgradeCheck = 1200;
				TargetAttributes = {
					3B8F2202252B4E5500A423B7 = {
						CreatedOnToolsVersion = 12.0.1;
					};
					3B8F2218252B4E5600A423B7 = {
						CreatedOnToolsVersion = 12.0.1;
						TestTargetID = 3B8F2202252B4E5500A423B7;
					};
					3B8F2223252B4E5600A423B7 = {
						CreatedOnToolsVersion = 12.0.1;
						TestTargetID = 3B8F2202252B4E5500A423B7;
					};
				};
			};
			buildConfigurationList = 3B8F21FE252B4E5500A423B7 /* Build configuration list for PBXProject "medicalDiary" */;
			compatibilityVersion = "Xcode 9.3";
			developmentRegion = en;
			hasScannedForEncodings = 0;
			knownRegions = (
				en,
				Base,
			);
			mainGroup = 3B8F21FA252B4E5500A423B7;
			productRefGroup = 3B8F2204252B4E5500A423B7 /* Products */;
			projectDirPath = "";
			projectRoot = "";
			targets = (
				3B8F2202252B4E5500A423B7 /* medicalDiary */,
				3B8F2218252B4E5600A423B7 /* medicalDiaryTests */,
				3B8F2223252B4E5600A423B7 /* medicalDiaryUITests */,
			);
		};
/* End PBXProject section */

/* Begin PBXResourcesBuildPhase section */
		3B8F2201252B4E5500A423B7 /* Resources */ = {
			isa = PBXResourcesBuildPhase;
			buildActionMask = 2147483647;
			files = (
				3B8F2210252B4E5600A423B7 /* Assets.xcassets in Resources */,
				3B8F220E252B4E5500A423B7 /* Main.storyboard in Resources */,
			);
			runOnlyForDeploymentPostprocessing = 0;
		};
		3B8F2217252B4E5600A423B7 /* Resources */ = {
			isa = PBXResourcesBuildPhase;
			buildActionMask = 2147483647;
			files = (
			);
			runOnlyForDeploymentPostprocessing = 0;
		};
		3B8F2222252B4E5600A423B7 /* Resources */ = {
			isa = PBXResourcesBuildPhase;
			buildActionMask = 2147483647;
			files = (
			);
			runOnlyForDeploymentPostprocessing = 0;
		};
/* End PBXResourcesBuildPhase section */

/* Begin PBXShellScriptBuildPhase section */
		27A4004575ACB301970D9FCA /* [CP] Check Pods Manifest.lock */ = {
			isa = PBXShellScriptBuildPhase;
			buildActionMask = 2147483647;
			files = (
			);
			inputFileListPaths = (
			);
			inputPaths = (
				"${PODS_PODFILE_DIR_PATH}/Podfile.lock",
				"${PODS_ROOT}/Manifest.lock",
			);
			name = "[CP] Check Pods Manifest.lock";
			outputFileListPaths = (
			);
			outputPaths = (
				"$(DERIVED_FILE_DIR)/Pods-medicalDiary-checkManifestLockResult.txt",
			);
			runOnlyForDeploymentPostprocessing = 0;
			shellPath = /bin/sh;
			shellScript = "diff \"${PODS_PODFILE_DIR_PATH}/Podfile.lock\" \"${PODS_ROOT}/Manifest.lock\" > /dev/null\nif [ $? != 0 ] ; then\n    # print error to STDERR\n    echo \"error: The sandbox is not in sync with the Podfile.lock. Run 'pod install' or update your CocoaPods installation.\" >&2\n    exit 1\nfi\n# This output is used by Xcode 'outputs' to avoid re-running this script phase.\necho \"SUCCESS\" > \"${SCRIPT_OUTPUT_FILE_0}\"\n";
			showEnvVarsInLog = 0;
		};
		A368CA2D66AEEA5D672C3299 /* [CP] Embed Pods Frameworks */ = {
			isa = PBXShellScriptBuildPhase;
			buildActionMask = 2147483647;
			files = (
			);
			inputFileListPaths = (
				"${PODS_ROOT}/Target Support Files/Pods-medicalDiary/Pods-medicalDiary-frameworks-${CONFIGURATION}-input-files.xcfilelist",
			);
			name = "[CP] Embed Pods Frameworks";
			outputFileListPaths = (
				"${PODS_ROOT}/Target Support Files/Pods-medicalDiary/Pods-medicalDiary-frameworks-${CONFIGURATION}-output-files.xcfilelist",
			);
			runOnlyForDeploymentPostprocessing = 0;
			shellPath = /bin/sh;
			shellScript = "\"${PODS_ROOT}/Target Support Files/Pods-medicalDiary/Pods-medicalDiary-frameworks.sh\"\n";
			showEnvVarsInLog = 0;
		};
/* End PBXShellScriptBuildPhase section */

/* Begin PBXSourcesBuildPhase section */
		3B8F21FF252B4E5500A423B7 /* Sources */ = {
			isa = PBXSourcesBuildPhase;
			buildActionMask = 2147483647;
			files = (
				3B15A98F253420DE0028D70C /* LaunchScreenViewController.swift in Sources */,
				3B8F220B252B4E5500A423B7 /* StartViewController.swift in Sources */,
				3B15A90F252DE59C0028D70C /* StatsTableViewCell.swift in Sources */,
				3B8F2241252B4EF400A423B7 /* QuestionsViewController.swift in Sources */,
				3B15A93B252DF03F0028D70C /* StatsCellProtocol.swift in Sources */,
				3B8F2207252B4E5500A423B7 /* AppDelegate.swift in Sources */,
				3B15A8CA252DB4960028D70C /* MorningInput.swift in Sources */,
				3B15A901252DD9920028D70C /* StatsTableViewController.swift in Sources */,
				3B15A9942534245C0028D70C /* APIError.swift in Sources */,
				3B15A89C252CA9C60028D70C /* Util.swift in Sources */,
				3B15A9FA2535EFE80028D70C /* User.swift in Sources */,
				3B15A960253087CE0028D70C /* RequestIntreceptor.swift in Sources */,
				3B8F2242252B4EF400A423B7 /* Question.swift in Sources */,
				3B15A933252DEF790028D70C /* SimpleChartViewController.swift in Sources */,
				3B8F2243252B4EF400A423B7 /* Constants.swift in Sources */,
				3B15A906252DDC630028D70C /* InputDataSource.swift in Sources */,
				3B8F223A252B4EEC00A423B7 /* Api.swift in Sources */,
				3B15AA002535F2B60028D70C /* UserDataSource.swift in Sources */,
				3B15A95A252F7A710028D70C /* LoginViewController.swift in Sources */,
				3B15A8C5252DB3810028D70C /* StatsViewController.swift in Sources */,
				3B8F2209252B4E5500A423B7 /* SceneDelegate.swift in Sources */,
				3B15A8D0252DBBE80028D70C /* EveningInput.swift in Sources */,
				3B15A9E72534880E0028D70C /* SettingsTableViewController.swift in Sources */,
			);
			runOnlyForDeploymentPostprocessing = 0;
		};
		3B8F2215252B4E5600A423B7 /* Sources */ = {
			isa = PBXSourcesBuildPhase;
			buildActionMask = 2147483647;
			files = (
				3B8F221E252B4E5600A423B7 /* medicalDiaryTests.swift in Sources */,
			);
			runOnlyForDeploymentPostprocessing = 0;
		};
		3B8F2220252B4E5600A423B7 /* Sources */ = {
			isa = PBXSourcesBuildPhase;
			buildActionMask = 2147483647;
			files = (
				3B8F2229252B4E5600A423B7 /* medicalDiaryUITests.swift in Sources */,
			);
			runOnlyForDeploymentPostprocessing = 0;
		};
/* End PBXSourcesBuildPhase section */

/* Begin PBXTargetDependency section */
		3B8F221B252B4E5600A423B7 /* PBXTargetDependency */ = {
			isa = PBXTargetDependency;
			target = 3B8F2202252B4E5500A423B7 /* medicalDiary */;
			targetProxy = 3B8F221A252B4E5600A423B7 /* PBXContainerItemProxy */;
		};
		3B8F2226252B4E5600A423B7 /* PBXTargetDependency */ = {
			isa = PBXTargetDependency;
			target = 3B8F2202252B4E5500A423B7 /* medicalDiary */;
			targetProxy = 3B8F2225252B4E5600A423B7 /* PBXContainerItemProxy */;
		};
/* End PBXTargetDependency section */

/* Begin PBXVariantGroup section */
		3B8F220C252B4E5500A423B7 /* Main.storyboard */ = {
			isa = PBXVariantGroup;
			children = (
				3B8F220D252B4E5500A423B7 /* Base */,
			);
			name = Main.storyboard;
			sourceTree = "<group>";
		};
/* End PBXVariantGroup section */

/* Begin XCBuildConfiguration section */
		3B8F222B252B4E5600A423B7 /* Debug */ = {
			isa = XCBuildConfiguration;
			buildSettings = {
				ALWAYS_SEARCH_USER_PATHS = NO;
				CLANG_ANALYZER_NONNULL = YES;
				CLANG_ANALYZER_NUMBER_OBJECT_CONVERSION = YES_AGGRESSIVE;
				CLANG_CXX_LANGUAGE_STANDARD = "gnu++14";
				CLANG_CXX_LIBRARY = "libc++";
				CLANG_ENABLE_MODULES = YES;
				CLANG_ENABLE_OBJC_ARC = YES;
				CLANG_ENABLE_OBJC_WEAK = YES;
				CLANG_WARN_BLOCK_CAPTURE_AUTORELEASING = YES;
				CLANG_WARN_BOOL_CONVERSION = YES;
				CLANG_WARN_COMMA = YES;
				CLANG_WARN_CONSTANT_CONVERSION = YES;
				CLANG_WARN_DEPRECATED_OBJC_IMPLEMENTATIONS = YES;
				CLANG_WARN_DIRECT_OBJC_ISA_USAGE = YES_ERROR;
				CLANG_WARN_DOCUMENTATION_COMMENTS = YES;
				CLANG_WARN_EMPTY_BODY = YES;
				CLANG_WARN_ENUM_CONVERSION = YES;
				CLANG_WARN_INFINITE_RECURSION = YES;
				CLANG_WARN_INT_CONVERSION = YES;
				CLANG_WARN_NON_LITERAL_NULL_CONVERSION = YES;
				CLANG_WARN_OBJC_IMPLICIT_RETAIN_SELF = YES;
				CLANG_WARN_OBJC_LITERAL_CONVERSION = YES;
				CLANG_WARN_OBJC_ROOT_CLASS = YES_ERROR;
				CLANG_WARN_QUOTED_INCLUDE_IN_FRAMEWORK_HEADER = YES;
				CLANG_WARN_RANGE_LOOP_ANALYSIS = YES;
				CLANG_WARN_STRICT_PROTOTYPES = YES;
				CLANG_WARN_SUSPICIOUS_MOVE = YES;
				CLANG_WARN_UNGUARDED_AVAILABILITY = YES_AGGRESSIVE;
				CLANG_WARN_UNREACHABLE_CODE = YES;
				CLANG_WARN__DUPLICATE_METHOD_MATCH = YES;
				COPY_PHASE_STRIP = NO;
				DEBUG_INFORMATION_FORMAT = dwarf;
				ENABLE_STRICT_OBJC_MSGSEND = YES;
				ENABLE_TESTABILITY = YES;
				GCC_C_LANGUAGE_STANDARD = gnu11;
				GCC_DYNAMIC_NO_PIC = NO;
				GCC_NO_COMMON_BLOCKS = YES;
				GCC_OPTIMIZATION_LEVEL = 0;
				GCC_PREPROCESSOR_DEFINITIONS = (
					"DEBUG=1",
					"$(inherited)",
				);
				GCC_WARN_64_TO_32_BIT_CONVERSION = YES;
				GCC_WARN_ABOUT_RETURN_TYPE = YES_ERROR;
				GCC_WARN_UNDECLARED_SELECTOR = YES;
				GCC_WARN_UNINITIALIZED_AUTOS = YES_AGGRESSIVE;
				GCC_WARN_UNUSED_FUNCTION = YES;
				GCC_WARN_UNUSED_VARIABLE = YES;
				IPHONEOS_DEPLOYMENT_TARGET = 14.0;
				MTL_ENABLE_DEBUG_INFO = INCLUDE_SOURCE;
				MTL_FAST_MATH = YES;
				ONLY_ACTIVE_ARCH = YES;
				SDKROOT = iphoneos;
				SWIFT_ACTIVE_COMPILATION_CONDITIONS = DEBUG;
				SWIFT_OPTIMIZATION_LEVEL = "-Onone";
			};
			name = Debug;
		};
		3B8F222C252B4E5600A423B7 /* Release */ = {
			isa = XCBuildConfiguration;
			buildSettings = {
				ALWAYS_SEARCH_USER_PATHS = NO;
				CLANG_ANALYZER_NONNULL = YES;
				CLANG_ANALYZER_NUMBER_OBJECT_CONVERSION = YES_AGGRESSIVE;
				CLANG_CXX_LANGUAGE_STANDARD = "gnu++14";
				CLANG_CXX_LIBRARY = "libc++";
				CLANG_ENABLE_MODULES = YES;
				CLANG_ENABLE_OBJC_ARC = YES;
				CLANG_ENABLE_OBJC_WEAK = YES;
				CLANG_WARN_BLOCK_CAPTURE_AUTORELEASING = YES;
				CLANG_WARN_BOOL_CONVERSION = YES;
				CLANG_WARN_COMMA = YES;
				CLANG_WARN_CONSTANT_CONVERSION = YES;
				CLANG_WARN_DEPRECATED_OBJC_IMPLEMENTATIONS = YES;
				CLANG_WARN_DIRECT_OBJC_ISA_USAGE = YES_ERROR;
				CLANG_WARN_DOCUMENTATION_COMMENTS = YES;
				CLANG_WARN_EMPTY_BODY = YES;
				CLANG_WARN_ENUM_CONVERSION = YES;
				CLANG_WARN_INFINITE_RECURSION = YES;
				CLANG_WARN_INT_CONVERSION = YES;
				CLANG_WARN_NON_LITERAL_NULL_CONVERSION = YES;
				CLANG_WARN_OBJC_IMPLICIT_RETAIN_SELF = YES;
				CLANG_WARN_OBJC_LITERAL_CONVERSION = YES;
				CLANG_WARN_OBJC_ROOT_CLASS = YES_ERROR;
				CLANG_WARN_QUOTED_INCLUDE_IN_FRAMEWORK_HEADER = YES;
				CLANG_WARN_RANGE_LOOP_ANALYSIS = YES;
				CLANG_WARN_STRICT_PROTOTYPES = YES;
				CLANG_WARN_SUSPICIOUS_MOVE = YES;
				CLANG_WARN_UNGUARDED_AVAILABILITY = YES_AGGRESSIVE;
				CLANG_WARN_UNREACHABLE_CODE = YES;
				CLANG_WARN__DUPLICATE_METHOD_MATCH = YES;
				COPY_PHASE_STRIP = NO;
				DEBUG_INFORMATION_FORMAT = "dwarf-with-dsym";
				ENABLE_NS_ASSERTIONS = NO;
				ENABLE_STRICT_OBJC_MSGSEND = YES;
				GCC_C_LANGUAGE_STANDARD = gnu11;
				GCC_NO_COMMON_BLOCKS = YES;
				GCC_WARN_64_TO_32_BIT_CONVERSION = YES;
				GCC_WARN_ABOUT_RETURN_TYPE = YES_ERROR;
				GCC_WARN_UNDECLARED_SELECTOR = YES;
				GCC_WARN_UNINITIALIZED_AUTOS = YES_AGGRESSIVE;
				GCC_WARN_UNUSED_FUNCTION = YES;
				GCC_WARN_UNUSED_VARIABLE = YES;
				IPHONEOS_DEPLOYMENT_TARGET = 14.0;
				MTL_ENABLE_DEBUG_INFO = NO;
				MTL_FAST_MATH = YES;
				SDKROOT = iphoneos;
				SWIFT_COMPILATION_MODE = wholemodule;
				SWIFT_OPTIMIZATION_LEVEL = "-O";
				VALIDATE_PRODUCT = YES;
			};
			name = Release;
		};
		3B8F222E252B4E5600A423B7 /* Debug */ = {
			isa = XCBuildConfiguration;
			baseConfigurationReference = 8BADB92A0FE8D9E992CF858B /* Pods-medicalDiary.debug.xcconfig */;
			buildSettings = {
				ASSETCATALOG_COMPILER_APPICON_NAME = AppIcon;
				ASSETCATALOG_COMPILER_GLOBAL_ACCENT_COLOR_NAME = AccentColor;
				CODE_SIGN_ENTITLEMENTS = medicalDiary/medicalDiary.entitlements;
				CODE_SIGN_STYLE = Automatic;
				DEVELOPMENT_TEAM = 27SQ3W44A7;
				INFOPLIST_FILE = medicalDiary/Info.plist;
				LD_RUNPATH_SEARCH_PATHS = (
					"$(inherited)",
					"@executable_path/Frameworks",
				);
				PRODUCT_BUNDLE_IDENTIFIER = brandie.medicalDiary;
				PRODUCT_NAME = "$(TARGET_NAME)";
				SWIFT_VERSION = 5.0;
				TARGETED_DEVICE_FAMILY = 1;
			};
			name = Debug;
		};
		3B8F222F252B4E5600A423B7 /* Release */ = {
			isa = XCBuildConfiguration;
			baseConfigurationReference = A97924B95F8C6278B1AFA9EA /* Pods-medicalDiary.release.xcconfig */;
			buildSettings = {
				ASSETCATALOG_COMPILER_APPICON_NAME = AppIcon;
				ASSETCATALOG_COMPILER_GLOBAL_ACCENT_COLOR_NAME = AccentColor;
				CODE_SIGN_ENTITLEMENTS = medicalDiary/medicalDiary.entitlements;
				CODE_SIGN_STYLE = Automatic;
				DEVELOPMENT_TEAM = 27SQ3W44A7;
				INFOPLIST_FILE = medicalDiary/Info.plist;
				LD_RUNPATH_SEARCH_PATHS = (
					"$(inherited)",
					"@executable_path/Frameworks",
				);
				PRODUCT_BUNDLE_IDENTIFIER = brandie.medicalDiary;
				PRODUCT_NAME = "$(TARGET_NAME)";
				SWIFT_VERSION = 5.0;
				TARGETED_DEVICE_FAMILY = 1;
			};
			name = Release;
		};
		3B8F2231252B4E5600A423B7 /* Debug */ = {
			isa = XCBuildConfiguration;
			buildSettings = {
				ALWAYS_EMBED_SWIFT_STANDARD_LIBRARIES = YES;
				BUNDLE_LOADER = "$(TEST_HOST)";
				CODE_SIGN_STYLE = Automatic;
				DEVELOPMENT_TEAM = 395PJRHQ52;
				INFOPLIST_FILE = medicalDiaryTests/Info.plist;
				IPHONEOS_DEPLOYMENT_TARGET = 14.0;
				LD_RUNPATH_SEARCH_PATHS = (
					"$(inherited)",
					"@executable_path/Frameworks",
					"@loader_path/Frameworks",
				);
				PRODUCT_BUNDLE_IDENTIFIER = Marko.medicalDiaryTests;
				PRODUCT_NAME = "$(TARGET_NAME)";
				SWIFT_VERSION = 5.0;
				TARGETED_DEVICE_FAMILY = "1,2";
				TEST_HOST = "$(BUILT_PRODUCTS_DIR)/medicalDiary.app/medicalDiary";
			};
			name = Debug;
		};
		3B8F2232252B4E5600A423B7 /* Release */ = {
			isa = XCBuildConfiguration;
			buildSettings = {
				ALWAYS_EMBED_SWIFT_STANDARD_LIBRARIES = YES;
				BUNDLE_LOADER = "$(TEST_HOST)";
				CODE_SIGN_STYLE = Automatic;
				DEVELOPMENT_TEAM = 395PJRHQ52;
				INFOPLIST_FILE = medicalDiaryTests/Info.plist;
				IPHONEOS_DEPLOYMENT_TARGET = 14.0;
				LD_RUNPATH_SEARCH_PATHS = (
					"$(inherited)",
					"@executable_path/Frameworks",
					"@loader_path/Frameworks",
				);
				PRODUCT_BUNDLE_IDENTIFIER = Marko.medicalDiaryTests;
				PRODUCT_NAME = "$(TARGET_NAME)";
				SWIFT_VERSION = 5.0;
				TARGETED_DEVICE_FAMILY = "1,2";
				TEST_HOST = "$(BUILT_PRODUCTS_DIR)/medicalDiary.app/medicalDiary";
			};
			name = Release;
		};
		3B8F2234252B4E5600A423B7 /* Debug */ = {
			isa = XCBuildConfiguration;
			buildSettings = {
				ALWAYS_EMBED_SWIFT_STANDARD_LIBRARIES = YES;
				CODE_SIGN_STYLE = Automatic;
				DEVELOPMENT_TEAM = 395PJRHQ52;
				INFOPLIST_FILE = medicalDiaryUITests/Info.plist;
				LD_RUNPATH_SEARCH_PATHS = (
					"$(inherited)",
					"@executable_path/Frameworks",
					"@loader_path/Frameworks",
				);
				PRODUCT_BUNDLE_IDENTIFIER = Marko.medicalDiaryUITests;
				PRODUCT_NAME = "$(TARGET_NAME)";
				SWIFT_VERSION = 5.0;
				TARGETED_DEVICE_FAMILY = "1,2";
				TEST_TARGET_NAME = medicalDiary;
			};
			name = Debug;
		};
		3B8F2235252B4E5600A423B7 /* Release */ = {
			isa = XCBuildConfiguration;
			buildSettings = {
				ALWAYS_EMBED_SWIFT_STANDARD_LIBRARIES = YES;
				CODE_SIGN_STYLE = Automatic;
				DEVELOPMENT_TEAM = 395PJRHQ52;
				INFOPLIST_FILE = medicalDiaryUITests/Info.plist;
				LD_RUNPATH_SEARCH_PATHS = (
					"$(inherited)",
					"@executable_path/Frameworks",
					"@loader_path/Frameworks",
				);
				PRODUCT_BUNDLE_IDENTIFIER = Marko.medicalDiaryUITests;
				PRODUCT_NAME = "$(TARGET_NAME)";
				SWIFT_VERSION = 5.0;
				TARGETED_DEVICE_FAMILY = "1,2";
				TEST_TARGET_NAME = medicalDiary;
			};
			name = Release;
		};
/* End XCBuildConfiguration section */

/* Begin XCConfigurationList section */
		3B8F21FE252B4E5500A423B7 /* Build configuration list for PBXProject "medicalDiary" */ = {
			isa = XCConfigurationList;
			buildConfigurations = (
				3B8F222B252B4E5600A423B7 /* Debug */,
				3B8F222C252B4E5600A423B7 /* Release */,
			);
			defaultConfigurationIsVisible = 0;
			defaultConfigurationName = Release;
		};
		3B8F222D252B4E5600A423B7 /* Build configuration list for PBXNativeTarget "medicalDiary" */ = {
			isa = XCConfigurationList;
			buildConfigurations = (
				3B8F222E252B4E5600A423B7 /* Debug */,
				3B8F222F252B4E5600A423B7 /* Release */,
			);
			defaultConfigurationIsVisible = 0;
			defaultConfigurationName = Release;
		};
		3B8F2230252B4E5600A423B7 /* Build configuration list for PBXNativeTarget "medicalDiaryTests" */ = {
			isa = XCConfigurationList;
			buildConfigurations = (
				3B8F2231252B4E5600A423B7 /* Debug */,
				3B8F2232252B4E5600A423B7 /* Release */,
			);
			defaultConfigurationIsVisible = 0;
			defaultConfigurationName = Release;
		};
		3B8F2233252B4E5600A423B7 /* Build configuration list for PBXNativeTarget "medicalDiaryUITests" */ = {
			isa = XCConfigurationList;
			buildConfigurations = (
				3B8F2234252B4E5600A423B7 /* Debug */,
				3B8F2235252B4E5600A423B7 /* Release */,
			);
			defaultConfigurationIsVisible = 0;
			defaultConfigurationName = Release;
		};
/* End XCConfigurationList section */
	};
	rootObject = 3B8F21FB252B4E5500A423B7 /* Project object */;
}
